<?xml version="1.0" encoding="utf-8"?>
<Project ToolsVersion="4.0" xmlns="http://schemas.microsoft.com/developer/msbuild/2003">
  <ItemGroup>
    <Filter Include="Исходные файлы">
      <UniqueIdentifier>{4FC737F1-C7A5-4376-A066-2A32D752A2FF}</UniqueIdentifier>
      <Extensions>cpp;c;cc;cxx;c++;def;odl;idl;hpj;bat;asm;asmx</Extensions>
    </Filter>
    <Filter Include="Файлы заголовков">
      <UniqueIdentifier>{93995380-89BD-4b04-88EB-625FBE52EBFB}</UniqueIdentifier>
      <Extensions>h;hh;hpp;hxx;h++;hm;inl;inc;ipp;xsd</Extensions>
    </Filter>
    <Filter Include="Файлы ресурсов">
      <UniqueIdentifier>{67DA6AB6-F800-4c08-8B7A-83BB121AAD01}</UniqueIdentifier>
      <Extensions>rc;ico;cur;bmp;dlg;rc2;rct;bin;rgs;gif;jpg;jpeg;jpe;resx;tiff;tif;png;wav;mfcribbon-ms</Extensions>
    </Filter>
    <Filter Include="Файлы ресурсов\Tiles">
      <UniqueIdentifier>{712eb469-6b8b-4491-be23-53b477086a3a}</UniqueIdentifier>
    </Filter>
    <Filter Include="Исходные файлы\Buildings">
      <UniqueIdentifier>{9be455c8-59b3-4712-9583-07332f16b8cd}</UniqueIdentifier>
    </Filter>
    <Filter Include="Исходные файлы\Military">
      <UniqueIdentifier>{21cfb8a1-e0ee-4207-b8e8-36198da2cb57}</UniqueIdentifier>
    </Filter>
    <Filter Include="Файлы ресурсов\Sprites">
      <UniqueIdentifier>{13f62d64-c15a-4184-bae7-2be32058b27f}</UniqueIdentifier>
    </Filter>
  </ItemGroup>
  <ItemGroup>
    <ClCompile Include="main.cpp">
      <Filter>Исходные файлы</Filter>
    </ClCompile>
    <ClCompile Include="TerrainGenerator.cpp">
      <Filter>Исходные файлы</Filter>
    </ClCompile>
    <ClCompile Include="GameData.cpp">
      <Filter>Исходные файлы</Filter>
    </ClCompile>
    <ClCompile Include="Core.cpp">
      <Filter>Исходные файлы\Buildings</Filter>
    </ClCompile>
    <ClCompile Include="Tumor.cpp">
      <Filter>Исходные файлы\Buildings</Filter>
    </ClCompile>
    <ClCompile Include="Building.cpp">
      <Filter>Исходные файлы\Buildings</Filter>
    </ClCompile>
    <ClCompile Include="Military.cpp">
      <Filter>Исходные файлы\Military</Filter>
    </ClCompile>
    <ClCompile Include="Insect.cpp">
      <Filter>Исходные файлы\Military</Filter>
    </ClCompile>
    <ClCompile Include="Constructor.cpp">
      <Filter>Исходные файлы\Buildings</Filter>
    </ClCompile>
    <ClCompile Include="Connectable.cpp">
      <Filter>Исходные файлы\Buildings</Filter>
    </ClCompile>
    <ClCompile Include="Base.cpp">
      <Filter>Исходные файлы\Buildings</Filter>
    </ClCompile>
    <ClCompile Include="Turret.cpp">
      <Filter>Исходные файлы\Military</Filter>
    </ClCompile>
    <ClCompile Include="Hive.cpp">
      <Filter>Исходные файлы\Buildings</Filter>
    </ClCompile>
    <ClCompile Include="neuro.cpp">
      <Filter>Исходные файлы</Filter>
    </ClCompile>
  </ItemGroup>
  <ItemGroup>
    <ClInclude Include="GameClasses.h">
      <Filter>Файлы заголовков</Filter>
    </ClInclude>
    <ClInclude Include="PerlinNoise.h">
      <Filter>Файлы заголовков</Filter>
    </ClInclude>
    <ClInclude Include="TerrainGenerator.h">
      <Filter>Файлы заголовков</Filter>
    </ClInclude>
    <ClInclude Include="Enums.h">
      <Filter>Файлы заголовков</Filter>
    </ClInclude>
    <ClInclude Include="neuro.h">
      <Filter>Файлы заголовков</Filter>
    </ClInclude>
  </ItemGroup>
  <ItemGroup>
    <Image Include="textures\sprites\antiAirTurret_attacking_0.png">
      <Filter>Файлы ресурсов\Sprites</Filter>
    </Image>
    <Image Include="textures\sprites\antiAirTurret_online_0.png">
      <Filter>Файлы ресурсов\Sprites</Filter>
    </Image>
    <Image Include="textures\sprites\flyingInsect_goes_0.png">
      <Filter>Файлы ресурсов\Sprites</Filter>
    </Image>
    <Image Include="textures\sprites\heavyInsect_goes_0.png">
      <Filter>Файлы ресурсов\Sprites</Filter>
    </Image>
    <Image Include="textures\sprites\heavyTurret_attacking_0.png">
      <Filter>Файлы ресурсов\Sprites</Filter>
    </Image>
    <Image Include="textures\sprites\heavyTurret_attacking_1.png">
      <Filter>Файлы ресурсов\Sprites</Filter>
    </Image>
    <Image Include="textures\sprites\heavyTurret_attacking_2.png">
      <Filter>Файлы ресурсов\Sprites</Filter>
    </Image>
    <Image Include="textures\sprites\heavyTurret_attacking_3.png">
      <Filter>Файлы ресурсов\Sprites</Filter>
    </Image>
    <Image Include="textures\sprites\heavyTurret_attacking_4.png">
      <Filter>Файлы ресурсов\Sprites</Filter>
    </Image>
    <Image Include="textures\sprites\heavyTurret_attacking_5.png">
      <Filter>Файлы ресурсов\Sprites</Filter>
    </Image>
    <Image Include="textures\sprites\heavyTurret_online_0.png">
      <Filter>Файлы ресурсов\Sprites</Filter>
    </Image>
    <Image Include="textures\sprites\lightInsect_goes_0.png">
      <Filter>Файлы ресурсов\Sprites</Filter>
    </Image>
    <Image Include="textures\sprites\lightInsect_goes_1.png">
      <Filter>Файлы ресурсов\Sprites</Filter>
    </Image>
    <Image Include="textures\sprites\lightInsect_goes_2.png">
      <Filter>Файлы ресурсов\Sprites</Filter>
    </Image>
    <Image Include="textures\sprites\lightInsect_goes_3.png">
      <Filter>Файлы ресурсов\Sprites</Filter>
    </Image>
    <Image Include="textures\sprites\lightInsect_goes_4.png">
      <Filter>Файлы ресурсов\Sprites</Filter>
    </Image>
    <Image Include="textures\sprites\lightTurret_attacking_0.png">
      <Filter>Файлы ресурсов\Sprites</Filter>
    </Image>
    <Image Include="textures\sprites\lightTurret_online_0.png">
      <Filter>Файлы ресурсов\Sprites</Filter>
    </Image>
    <Image Include="textures\sprites\turretChasis_changeMode_0.png">
      <Filter>Файлы ресурсов\Sprites</Filter>
    </Image>
    <Image Include="textures\sprites\turretChasis_changeMode_1.png">
      <Filter>Файлы ресурсов\Sprites</Filter>
    </Image>
    <Image Include="textures\sprites\turretChasis_changeMode_2.png">
      <Filter>Файлы ресурсов\Sprites</Filter>
    </Image>
    <Image Include="textures\sprites\turretChasis_changeMode_3.png">
      <Filter>Файлы ресурсов\Sprites</Filter>
    </Image>
    <Image Include="textures\sprites\turretChasis_goes_0.png">
      <Filter>Файлы ресурсов\Sprites</Filter>
    </Image>
    <Image Include="textures\sprites\turretChasis_goes_1.png">
      <Filter>Файлы ресурсов\Sprites</Filter>
    </Image>
    <Image Include="textures\sprites\turretChasis_goes_2.png">
      <Filter>Файлы ресурсов\Sprites</Filter>
    </Image>
    <Image Include="textures\tileset\LAKE.png">
      <Filter>Файлы ресурсов\Tiles</Filter>
    </Image>
    <Image Include="textures\tileset\MOUNTAIN.png">
      <Filter>Файлы ресурсов\Tiles</Filter>
    </Image>
    <Image Include="textures\tileset\PLAIN.png">
      <Filter>Файлы ресурсов\Tiles</Filter>
    </Image>
    <Image Include="textures\tileset\SAND.png">
      <Filter>Файлы ресурсов\Tiles</Filter>
    </Image>
    <Image Include="textures\tileset\STONE.png">
      <Filter>Файлы ресурсов\Tiles</Filter>
    </Image>
    <Image Include="textures\tileset\SWAMP.png">
      <Filter>Файлы ресурсов\Tiles</Filter>
    </Image>
    <Image Include="textures\tileset\TREE.png">
      <Filter>Файлы ресурсов\Tiles</Filter>
    </Image>
  </ItemGroup>
  <ItemGroup>
    <None Include="ClassDiagram.cd" />
  </ItemGroup>
</Project>